// !$*UTF8*$!
{
	archiveVersion = 1;
	classes = {
	};
	objectVersion = 50;
	objects = {

/* Begin PBXBuildFile section */
		E708AAEB24EDF3F500ECE5F8 /* CloudKit.framework in Frameworks */ = {isa = PBXBuildFile; fileRef = E708AAEA24EDF3F500ECE5F8 /* CloudKit.framework */; };
		E709A85F25085A7600C518EE /* ActivityViewController.swift in Sources */ = {isa = PBXBuildFile; fileRef = E709A85E25085A7600C518EE /* ActivityViewController.swift */; };
		E736236A24E328BA00C6FFD3 /* CategoryRow.swift in Sources */ = {isa = PBXBuildFile; fileRef = E736236924E328BA00C6FFD3 /* CategoryRow.swift */; };
		E737A9F324FF1F570094746D /* ExportManager.swift in Sources */ = {isa = PBXBuildFile; fileRef = E737A9F224FF1F570094746D /* ExportManager.swift */; };
		E77AF01324EB2B7500E621C6 /* TimeInterval+.swift in Sources */ = {isa = PBXBuildFile; fileRef = E77AF01224EB2B7500E621C6 /* TimeInterval+.swift */; };
		E77AF01524EB612A00E621C6 /* CategoryDetailView.swift in Sources */ = {isa = PBXBuildFile; fileRef = E77AF01424EB612A00E621C6 /* CategoryDetailView.swift */; };
		E780FC4824E9945000F9C2B6 /* NSManagedObject+.swift in Sources */ = {isa = PBXBuildFile; fileRef = E780FC4724E9945000F9C2B6 /* NSManagedObject+.swift */; };
		E780FC4B24E99F3D00F9C2B6 /* TextView.swift in Sources */ = {isa = PBXBuildFile; fileRef = E780FC4A24E99F3D00F9C2B6 /* TextView.swift */; };
		E780FC4E24E9A5BE00F9C2B6 /* CategorySelection.swift in Sources */ = {isa = PBXBuildFile; fileRef = E780FC4D24E9A5BE00F9C2B6 /* CategorySelection.swift */; };
		E780FC5324E9A7E000F9C2B6 /* CategoryTests.swift in Sources */ = {isa = PBXBuildFile; fileRef = E780FC5224E9A7E000F9C2B6 /* CategoryTests.swift */; };
		E780FC5524E9B37500F9C2B6 /* LogView.swift in Sources */ = {isa = PBXBuildFile; fileRef = E780FC5424E9B37500F9C2B6 /* LogView.swift */; };
		E786CA4324E488FF00B27D8E /* MainView.swift in Sources */ = {isa = PBXBuildFile; fileRef = E786CA4224E488FF00B27D8E /* MainView.swift */; };
		E786CA4524E4967D00B27D8E /* TodayStatus.swift in Sources */ = {isa = PBXBuildFile; fileRef = E786CA4424E4967D00B27D8E /* TodayStatus.swift */; };
		E7947FC524DF7CD5006B7859 /* AppDelegate.swift in Sources */ = {isa = PBXBuildFile; fileRef = E7947FC424DF7CD5006B7859 /* AppDelegate.swift */; };
		E7947FC724DF7CD5006B7859 /* SceneDelegate.swift in Sources */ = {isa = PBXBuildFile; fileRef = E7947FC624DF7CD5006B7859 /* SceneDelegate.swift */; };
		E7947FCC24DF7CD5006B7859 /* DayView.swift in Sources */ = {isa = PBXBuildFile; fileRef = E7947FCB24DF7CD5006B7859 /* DayView.swift */; };
		E7947FCE24DF7CD6006B7859 /* Assets.xcassets in Resources */ = {isa = PBXBuildFile; fileRef = E7947FCD24DF7CD6006B7859 /* Assets.xcassets */; };
		E7947FD124DF7CD6006B7859 /* Preview Assets.xcassets in Resources */ = {isa = PBXBuildFile; fileRef = E7947FD024DF7CD6006B7859 /* Preview Assets.xcassets */; };
		E7947FD424DF7CD6006B7859 /* LaunchScreen.storyboard in Resources */ = {isa = PBXBuildFile; fileRef = E7947FD224DF7CD6006B7859 /* LaunchScreen.storyboard */; };
		E7947FDF24DF7CD6006B7859 /* BusylessTests.swift in Sources */ = {isa = PBXBuildFile; fileRef = E7947FDE24DF7CD6006B7859 /* BusylessTests.swift */; };
		E7947FEA24DF7CD6006B7859 /* BusylessUITests.swift in Sources */ = {isa = PBXBuildFile; fileRef = E7947FE924DF7CD6006B7859 /* BusylessUITests.swift */; };
		E7947FF824DF8072006B7859 /* AddNewActivityView.swift in Sources */ = {isa = PBXBuildFile; fileRef = E7947FF724DF8072006B7859 /* AddNewActivityView.swift */; };
		E79F6A3D24EC752E004F44B5 /* Busyless.xcdatamodeld in Sources */ = {isa = PBXBuildFile; fileRef = E79F6A3B24EC752E004F44B5 /* Busyless.xcdatamodeld */; };
		E7B8CFAA24F6E5930026C983 /* UserConfig.swift in Sources */ = {isa = PBXBuildFile; fileRef = E7B8CFA924F6E5930026C983 /* UserConfig.swift */; };
		E7F6115A24E22A2600CFABC8 /* AddButton.swift in Sources */ = {isa = PBXBuildFile; fileRef = E7F6115924E22A2600CFABC8 /* AddButton.swift */; };
		E7F6115C24E22F4200CFABC8 /* DurationPill.swift in Sources */ = {isa = PBXBuildFile; fileRef = E7F6115B24E22F4200CFABC8 /* DurationPill.swift */; };
		E7F6115E24E2329100CFABC8 /* AddNewCategoryRow.swift in Sources */ = {isa = PBXBuildFile; fileRef = E7F6115D24E2329100CFABC8 /* AddNewCategoryRow.swift */; };
		E7FA78B824E98F4D0095DBDD /* Activity.swift in Sources */ = {isa = PBXBuildFile; fileRef = E7FA78B724E98F4D0095DBDD /* Activity.swift */; };
		E7FA78BA24E98F590095DBDD /* Category.swift in Sources */ = {isa = PBXBuildFile; fileRef = E7FA78B924E98F590095DBDD /* Category.swift */; };
		E7FD702E24E4C4F9001E2A95 /* SettingsView.swift in Sources */ = {isa = PBXBuildFile; fileRef = E7FD702D24E4C4F9001E2A95 /* SettingsView.swift */; };
/* End PBXBuildFile section */

/* Begin PBXBuildRule section */
		E7F6115F24E2363500CFABC8 /* PBXBuildRule */ = {
			isa = PBXBuildRule;
			compilerSpec = com.apple.compilers.proxy.script;
			fileType = pattern.proxy;
			inputFiles = (
			);
			isEditable = 1;
			outputFiles = (
			);
			script = "if which swiftlint >/dev/null; then\n  swiftlint\nelse\n  echo \"warning: SwiftLint not installed, download from https://github.com/realm/SwiftLint\"\nfi\n";
		};
/* End PBXBuildRule section */

/* Begin PBXContainerItemProxy section */
		E7947FDB24DF7CD6006B7859 /* PBXContainerItemProxy */ = {
			isa = PBXContainerItemProxy;
			containerPortal = E7947FB924DF7CD5006B7859 /* Project object */;
			proxyType = 1;
			remoteGlobalIDString = E7947FC024DF7CD5006B7859;
			remoteInfo = Busyless;
		};
		E7947FE624DF7CD6006B7859 /* PBXContainerItemProxy */ = {
			isa = PBXContainerItemProxy;
			containerPortal = E7947FB924DF7CD5006B7859 /* Project object */;
			proxyType = 1;
			remoteGlobalIDString = E7947FC024DF7CD5006B7859;
			remoteInfo = Busyless;
		};
/* End PBXContainerItemProxy section */

/* Begin PBXFileReference section */
		E708AAE824EDF21800ECE5F8 /* Busyless.entitlements */ = {isa = PBXFileReference; lastKnownFileType = text.plist.entitlements; path = Busyless.entitlements; sourceTree = "<group>"; };
		E708AAEA24EDF3F500ECE5F8 /* CloudKit.framework */ = {isa = PBXFileReference; lastKnownFileType = wrapper.framework; name = CloudKit.framework; path = System/Library/Frameworks/CloudKit.framework; sourceTree = SDKROOT; };
		E709A85E25085A7600C518EE /* ActivityViewController.swift */ = {isa = PBXFileReference; lastKnownFileType = sourcecode.swift; path = ActivityViewController.swift; sourceTree = "<group>"; };
		E736236924E328BA00C6FFD3 /* CategoryRow.swift */ = {isa = PBXFileReference; lastKnownFileType = sourcecode.swift; path = CategoryRow.swift; sourceTree = "<group>"; };
		E737A9F224FF1F570094746D /* ExportManager.swift */ = {isa = PBXFileReference; lastKnownFileType = sourcecode.swift; path = ExportManager.swift; sourceTree = "<group>"; };
		E77AF01224EB2B7500E621C6 /* TimeInterval+.swift */ = {isa = PBXFileReference; lastKnownFileType = sourcecode.swift; path = "TimeInterval+.swift"; sourceTree = "<group>"; };
		E77AF01424EB612A00E621C6 /* CategoryDetailView.swift */ = {isa = PBXFileReference; lastKnownFileType = sourcecode.swift; path = CategoryDetailView.swift; sourceTree = "<group>"; };
		E780FC4724E9945000F9C2B6 /* NSManagedObject+.swift */ = {isa = PBXFileReference; lastKnownFileType = sourcecode.swift; path = "NSManagedObject+.swift"; sourceTree = "<group>"; };
		E780FC4A24E99F3D00F9C2B6 /* TextView.swift */ = {isa = PBXFileReference; lastKnownFileType = sourcecode.swift; path = TextView.swift; sourceTree = "<group>"; };
		E780FC4D24E9A5BE00F9C2B6 /* CategorySelection.swift */ = {isa = PBXFileReference; lastKnownFileType = sourcecode.swift; path = CategorySelection.swift; sourceTree = "<group>"; };
		E780FC5224E9A7E000F9C2B6 /* CategoryTests.swift */ = {isa = PBXFileReference; lastKnownFileType = sourcecode.swift; path = CategoryTests.swift; sourceTree = "<group>"; };
		E780FC5424E9B37500F9C2B6 /* LogView.swift */ = {isa = PBXFileReference; lastKnownFileType = sourcecode.swift; path = LogView.swift; sourceTree = "<group>"; };
		E786CA4224E488FF00B27D8E /* MainView.swift */ = {isa = PBXFileReference; lastKnownFileType = sourcecode.swift; path = MainView.swift; sourceTree = "<group>"; };
		E786CA4424E4967D00B27D8E /* TodayStatus.swift */ = {isa = PBXFileReference; lastKnownFileType = sourcecode.swift; path = TodayStatus.swift; sourceTree = "<group>"; };
		E7947FC124DF7CD5006B7859 /* Busyless.app */ = {isa = PBXFileReference; explicitFileType = wrapper.application; includeInIndex = 0; path = Busyless.app; sourceTree = BUILT_PRODUCTS_DIR; };
		E7947FC424DF7CD5006B7859 /* AppDelegate.swift */ = {isa = PBXFileReference; lastKnownFileType = sourcecode.swift; path = AppDelegate.swift; sourceTree = "<group>"; };
		E7947FC624DF7CD5006B7859 /* SceneDelegate.swift */ = {isa = PBXFileReference; lastKnownFileType = sourcecode.swift; path = SceneDelegate.swift; sourceTree = "<group>"; };
		E7947FCB24DF7CD5006B7859 /* DayView.swift */ = {isa = PBXFileReference; lastKnownFileType = sourcecode.swift; path = DayView.swift; sourceTree = "<group>"; };
		E7947FCD24DF7CD6006B7859 /* Assets.xcassets */ = {isa = PBXFileReference; lastKnownFileType = folder.assetcatalog; path = Assets.xcassets; sourceTree = "<group>"; };
		E7947FD024DF7CD6006B7859 /* Preview Assets.xcassets */ = {isa = PBXFileReference; lastKnownFileType = folder.assetcatalog; path = "Preview Assets.xcassets"; sourceTree = "<group>"; };
		E7947FD324DF7CD6006B7859 /* Base */ = {isa = PBXFileReference; lastKnownFileType = file.storyboard; name = Base; path = Base.lproj/LaunchScreen.storyboard; sourceTree = "<group>"; };
		E7947FD524DF7CD6006B7859 /* Info.plist */ = {isa = PBXFileReference; lastKnownFileType = text.plist.xml; path = Info.plist; sourceTree = "<group>"; };
		E7947FDA24DF7CD6006B7859 /* BusylessTests.xctest */ = {isa = PBXFileReference; explicitFileType = wrapper.cfbundle; includeInIndex = 0; path = BusylessTests.xctest; sourceTree = BUILT_PRODUCTS_DIR; };
		E7947FDE24DF7CD6006B7859 /* BusylessTests.swift */ = {isa = PBXFileReference; lastKnownFileType = sourcecode.swift; path = BusylessTests.swift; sourceTree = "<group>"; };
		E7947FE024DF7CD6006B7859 /* Info.plist */ = {isa = PBXFileReference; lastKnownFileType = text.plist.xml; path = Info.plist; sourceTree = "<group>"; };
		E7947FE524DF7CD6006B7859 /* BusylessUITests.xctest */ = {isa = PBXFileReference; explicitFileType = wrapper.cfbundle; includeInIndex = 0; path = BusylessUITests.xctest; sourceTree = BUILT_PRODUCTS_DIR; };
		E7947FE924DF7CD6006B7859 /* BusylessUITests.swift */ = {isa = PBXFileReference; lastKnownFileType = sourcecode.swift; path = BusylessUITests.swift; sourceTree = "<group>"; };
		E7947FEB24DF7CD6006B7859 /* Info.plist */ = {isa = PBXFileReference; lastKnownFileType = text.plist.xml; path = Info.plist; sourceTree = "<group>"; };
		E7947FF724DF8072006B7859 /* AddNewActivityView.swift */ = {isa = PBXFileReference; lastKnownFileType = sourcecode.swift; path = AddNewActivityView.swift; sourceTree = "<group>"; };
		E79F6A3C24EC752E004F44B5 /* Busyless.xcdatamodel */ = {isa = PBXFileReference; lastKnownFileType = wrapper.xcdatamodel; path = Busyless.xcdatamodel; sourceTree = "<group>"; };
		E7B8CFA924F6E5930026C983 /* UserConfig.swift */ = {isa = PBXFileReference; lastKnownFileType = sourcecode.swift; path = UserConfig.swift; sourceTree = "<group>"; };
		E7F6115924E22A2600CFABC8 /* AddButton.swift */ = {isa = PBXFileReference; lastKnownFileType = sourcecode.swift; path = AddButton.swift; sourceTree = "<group>"; };
		E7F6115B24E22F4200CFABC8 /* DurationPill.swift */ = {isa = PBXFileReference; lastKnownFileType = sourcecode.swift; path = DurationPill.swift; sourceTree = "<group>"; };
		E7F6115D24E2329100CFABC8 /* AddNewCategoryRow.swift */ = {isa = PBXFileReference; lastKnownFileType = sourcecode.swift; path = AddNewCategoryRow.swift; sourceTree = "<group>"; };
		E7FA78B724E98F4D0095DBDD /* Activity.swift */ = {isa = PBXFileReference; lastKnownFileType = sourcecode.swift; path = Activity.swift; sourceTree = "<group>"; };
		E7FA78B924E98F590095DBDD /* Category.swift */ = {isa = PBXFileReference; lastKnownFileType = sourcecode.swift; path = Category.swift; sourceTree = "<group>"; };
		E7FD702D24E4C4F9001E2A95 /* SettingsView.swift */ = {isa = PBXFileReference; lastKnownFileType = sourcecode.swift; path = SettingsView.swift; sourceTree = "<group>"; };
/* End PBXFileReference section */

/* Begin PBXFrameworksBuildPhase section */
		E7947FBE24DF7CD5006B7859 /* Frameworks */ = {
			isa = PBXFrameworksBuildPhase;
			buildActionMask = 2147483647;
			files = (
				E708AAEB24EDF3F500ECE5F8 /* CloudKit.framework in Frameworks */,
			);
			runOnlyForDeploymentPostprocessing = 0;
		};
		E7947FD724DF7CD6006B7859 /* Frameworks */ = {
			isa = PBXFrameworksBuildPhase;
			buildActionMask = 2147483647;
			files = (
			);
			runOnlyForDeploymentPostprocessing = 0;
		};
		E7947FE224DF7CD6006B7859 /* Frameworks */ = {
			isa = PBXFrameworksBuildPhase;
			buildActionMask = 2147483647;
			files = (
			);
			runOnlyForDeploymentPostprocessing = 0;
		};
/* End PBXFrameworksBuildPhase section */

/* Begin PBXGroup section */
		E7072AFA24E32D190004E2CA /* Extensions */ = {
			isa = PBXGroup;
			children = (
				E780FC4724E9945000F9C2B6 /* NSManagedObject+.swift */,
				E77AF01224EB2B7500E621C6 /* TimeInterval+.swift */,
			);
			path = Extensions;
			sourceTree = "<group>";
		};
		E708AAE924EDF3F500ECE5F8 /* Frameworks */ = {
			isa = PBXGroup;
			children = (
				E708AAEA24EDF3F500ECE5F8 /* CloudKit.framework */,
			);
			name = Frameworks;
			sourceTree = "<group>";
		};
		E709A85D25085A4500C518EE /* UIKitWrappers */ = {
			isa = PBXGroup;
			children = (
				E709A85E25085A7600C518EE /* ActivityViewController.swift */,
			);
			path = UIKitWrappers;
			sourceTree = "<group>";
		};
		E715087924E32A0E004B080A /* DayView */ = {
			isa = PBXGroup;
			children = (
				E7F6115924E22A2600CFABC8 /* AddButton.swift */,
				E7F6115D24E2329100CFABC8 /* AddNewCategoryRow.swift */,
				E736236924E328BA00C6FFD3 /* CategoryRow.swift */,
				E7F6115B24E22F4200CFABC8 /* DurationPill.swift */,
				E786CA4424E4967D00B27D8E /* TodayStatus.swift */,
			);
			path = DayView;
			sourceTree = "<group>";
		};
		E737A9F124FF1F320094746D /* Managers */ = {
			isa = PBXGroup;
			children = (
				E737A9F224FF1F570094746D /* ExportManager.swift */,
			);
			path = Managers;
			sourceTree = "<group>";
		};
		E780FC4924E99F2400F9C2B6 /* Common */ = {
			isa = PBXGroup;
			children = (
				E780FC4A24E99F3D00F9C2B6 /* TextView.swift */,
			);
			path = Common;
			sourceTree = "<group>";
		};
		E780FC4C24E9A59900F9C2B6 /* AddNewActivity */ = {
			isa = PBXGroup;
			children = (
				E780FC4D24E9A5BE00F9C2B6 /* CategorySelection.swift */,
			);
			path = AddNewActivity;
			sourceTree = "<group>";
		};
		E780FC4F24E9A71C00F9C2B6 /* SupportingFiles */ = {
			isa = PBXGroup;
			children = (
				E7947FCD24DF7CD6006B7859 /* Assets.xcassets */,
				E708AAE824EDF21800ECE5F8 /* Busyless.entitlements */,
				E7947FD224DF7CD6006B7859 /* LaunchScreen.storyboard */,
				E7947FD524DF7CD6006B7859 /* Info.plist */,
			);
			path = SupportingFiles;
			sourceTree = "<group>";
		};
		E780FC5024E9A7B500F9C2B6 /* Data */ = {
			isa = PBXGroup;
			children = (
				E780FC5124E9A7C300F9C2B6 /* Models */,
			);
			path = Data;
			sourceTree = "<group>";
		};
		E780FC5124E9A7C300F9C2B6 /* Models */ = {
			isa = PBXGroup;
			children = (
				E780FC5224E9A7E000F9C2B6 /* CategoryTests.swift */,
			);
			path = Models;
			sourceTree = "<group>";
		};
		E7947FB824DF7CD5006B7859 = {
			isa = PBXGroup;
			children = (
				E7947FC324DF7CD5006B7859 /* Busyless */,
				E7947FDD24DF7CD6006B7859 /* BusylessTests */,
				E7947FE824DF7CD6006B7859 /* BusylessUITests */,
				E7947FC224DF7CD5006B7859 /* Products */,
				E708AAE924EDF3F500ECE5F8 /* Frameworks */,
			);
			sourceTree = "<group>";
		};
		E7947FC224DF7CD5006B7859 /* Products */ = {
			isa = PBXGroup;
			children = (
				E7947FC124DF7CD5006B7859 /* Busyless.app */,
				E7947FDA24DF7CD6006B7859 /* BusylessTests.xctest */,
				E7947FE524DF7CD6006B7859 /* BusylessUITests.xctest */,
			);
			name = Products;
			sourceTree = "<group>";
		};
		E7947FC324DF7CD5006B7859 /* Busyless */ = {
			isa = PBXGroup;
			children = (
				E7947FC424DF7CD5006B7859 /* AppDelegate.swift */,
				E7947FC624DF7CD5006B7859 /* SceneDelegate.swift */,
				E7FA78B524E98EFD0095DBDD /* Data */,
				E7F6115824E229D200CFABC8 /* Containers */,
				E7F6115724E229AB00CFABC8 /* Components */,
				E7FD702F24E4C8E0001E2A95 /* Utility */,
				E780FC4F24E9A71C00F9C2B6 /* SupportingFiles */,
				E7947FCF24DF7CD6006B7859 /* Preview Content */,
			);
			path = Busyless;
			sourceTree = "<group>";
		};
		E7947FCF24DF7CD6006B7859 /* Preview Content */ = {
			isa = PBXGroup;
			children = (
				E7947FD024DF7CD6006B7859 /* Preview Assets.xcassets */,
			);
			path = "Preview Content";
			sourceTree = "<group>";
		};
		E7947FDD24DF7CD6006B7859 /* BusylessTests */ = {
			isa = PBXGroup;
			children = (
				E780FC5024E9A7B500F9C2B6 /* Data */,
				E7947FDE24DF7CD6006B7859 /* BusylessTests.swift */,
				E7947FE024DF7CD6006B7859 /* Info.plist */,
			);
			path = BusylessTests;
			sourceTree = "<group>";
		};
		E7947FE824DF7CD6006B7859 /* BusylessUITests */ = {
			isa = PBXGroup;
			children = (
				E7947FE924DF7CD6006B7859 /* BusylessUITests.swift */,
				E7947FEB24DF7CD6006B7859 /* Info.plist */,
			);
			path = BusylessUITests;
			sourceTree = "<group>";
		};
		E7F6115724E229AB00CFABC8 /* Components */ = {
			isa = PBXGroup;
			children = (
				E780FC4924E99F2400F9C2B6 /* Common */,
				E780FC4C24E9A59900F9C2B6 /* AddNewActivity */,
				E715087924E32A0E004B080A /* DayView */,
			);
			path = Components;
			sourceTree = "<group>";
		};
		E7F6115824E229D200CFABC8 /* Containers */ = {
			isa = PBXGroup;
			children = (
				E7947FF724DF8072006B7859 /* AddNewActivityView.swift */,
				E77AF01424EB612A00E621C6 /* CategoryDetailView.swift */,
				E7947FCB24DF7CD5006B7859 /* DayView.swift */,
				E780FC5424E9B37500F9C2B6 /* LogView.swift */,
				E786CA4224E488FF00B27D8E /* MainView.swift */,
				E7FD702D24E4C4F9001E2A95 /* SettingsView.swift */,
			);
			path = Containers;
			sourceTree = "<group>";
		};
		E7FA78B524E98EFD0095DBDD /* Data */ = {
			isa = PBXGroup;
			children = (
				E79F6A3B24EC752E004F44B5 /* Busyless.xcdatamodeld */,
				E7FA78B624E98F100095DBDD /* Models */,
			);
			path = Data;
			sourceTree = "<group>";
		};
		E7FA78B624E98F100095DBDD /* Models */ = {
			isa = PBXGroup;
			children = (
				E7FA78B724E98F4D0095DBDD /* Activity.swift */,
				E7FA78B924E98F590095DBDD /* Category.swift */,
				E7B8CFA924F6E5930026C983 /* UserConfig.swift */,
			);
			path = Models;
			sourceTree = "<group>";
		};
		E7FD702F24E4C8E0001E2A95 /* Utility */ = {
			isa = PBXGroup;
			children = (
				E737A9F124FF1F320094746D /* Managers */,
				E7072AFA24E32D190004E2CA /* Extensions */,
				E709A85D25085A4500C518EE /* UIKitWrappers */,
			);
			path = Utility;
			sourceTree = "<group>";
		};
/* End PBXGroup section */

/* Begin PBXNativeTarget section */
		E7947FC024DF7CD5006B7859 /* Busyless */ = {
			isa = PBXNativeTarget;
			buildConfigurationList = E7947FEE24DF7CD6006B7859 /* Build configuration list for PBXNativeTarget "Busyless" */;
			buildPhases = (
				E7947FBD24DF7CD5006B7859 /* Sources */,
				E7947FBE24DF7CD5006B7859 /* Frameworks */,
				E7947FBF24DF7CD5006B7859 /* Resources */,
				E7F6116024E2365E00CFABC8 /* SwiftLint */,
			);
			buildRules = (
				E7F6115F24E2363500CFABC8 /* PBXBuildRule */,
			);
			dependencies = (
			);
			name = Busyless;
			productName = Busyless;
			productReference = E7947FC124DF7CD5006B7859 /* Busyless.app */;
			productType = "com.apple.product-type.application";
		};
		E7947FD924DF7CD6006B7859 /* BusylessTests */ = {
			isa = PBXNativeTarget;
			buildConfigurationList = E7947FF124DF7CD6006B7859 /* Build configuration list for PBXNativeTarget "BusylessTests" */;
			buildPhases = (
				E7947FD624DF7CD6006B7859 /* Sources */,
				E7947FD724DF7CD6006B7859 /* Frameworks */,
				E7947FD824DF7CD6006B7859 /* Resources */,
			);
			buildRules = (
			);
			dependencies = (
				E7947FDC24DF7CD6006B7859 /* PBXTargetDependency */,
			);
			name = BusylessTests;
			productName = BusylessTests;
			productReference = E7947FDA24DF7CD6006B7859 /* BusylessTests.xctest */;
			productType = "com.apple.product-type.bundle.unit-test";
		};
		E7947FE424DF7CD6006B7859 /* BusylessUITests */ = {
			isa = PBXNativeTarget;
			buildConfigurationList = E7947FF424DF7CD6006B7859 /* Build configuration list for PBXNativeTarget "BusylessUITests" */;
			buildPhases = (
				E7947FE124DF7CD6006B7859 /* Sources */,
				E7947FE224DF7CD6006B7859 /* Frameworks */,
				E7947FE324DF7CD6006B7859 /* Resources */,
			);
			buildRules = (
			);
			dependencies = (
				E7947FE724DF7CD6006B7859 /* PBXTargetDependency */,
			);
			name = BusylessUITests;
			productName = BusylessUITests;
			productReference = E7947FE524DF7CD6006B7859 /* BusylessUITests.xctest */;
			productType = "com.apple.product-type.bundle.ui-testing";
		};
/* End PBXNativeTarget section */

/* Begin PBXProject section */
		E7947FB924DF7CD5006B7859 /* Project object */ = {
			isa = PBXProject;
			attributes = {
				LastSwiftUpdateCheck = 1150;
				LastUpgradeCheck = 1150;
				ORGANIZATIONNAME = "Derrick Showers";
				TargetAttributes = {
					E7947FC024DF7CD5006B7859 = {
						CreatedOnToolsVersion = 11.5;
					};
					E7947FD924DF7CD6006B7859 = {
						CreatedOnToolsVersion = 11.5;
						TestTargetID = E7947FC024DF7CD5006B7859;
					};
					E7947FE424DF7CD6006B7859 = {
						CreatedOnToolsVersion = 11.5;
						TestTargetID = E7947FC024DF7CD5006B7859;
					};
				};
			};
			buildConfigurationList = E7947FBC24DF7CD5006B7859 /* Build configuration list for PBXProject "Busyless" */;
			compatibilityVersion = "Xcode 9.3";
			developmentRegion = en;
			hasScannedForEncodings = 0;
			knownRegions = (
				en,
				Base,
			);
			mainGroup = E7947FB824DF7CD5006B7859;
			productRefGroup = E7947FC224DF7CD5006B7859 /* Products */;
			projectDirPath = "";
			projectRoot = "";
			targets = (
				E7947FC024DF7CD5006B7859 /* Busyless */,
				E7947FD924DF7CD6006B7859 /* BusylessTests */,
				E7947FE424DF7CD6006B7859 /* BusylessUITests */,
			);
		};
/* End PBXProject section */

/* Begin PBXResourcesBuildPhase section */
		E7947FBF24DF7CD5006B7859 /* Resources */ = {
			isa = PBXResourcesBuildPhase;
			buildActionMask = 2147483647;
			files = (
				E7947FD424DF7CD6006B7859 /* LaunchScreen.storyboard in Resources */,
				E7947FD124DF7CD6006B7859 /* Preview Assets.xcassets in Resources */,
				E7947FCE24DF7CD6006B7859 /* Assets.xcassets in Resources */,
			);
			runOnlyForDeploymentPostprocessing = 0;
		};
		E7947FD824DF7CD6006B7859 /* Resources */ = {
			isa = PBXResourcesBuildPhase;
			buildActionMask = 2147483647;
			files = (
			);
			runOnlyForDeploymentPostprocessing = 0;
		};
		E7947FE324DF7CD6006B7859 /* Resources */ = {
			isa = PBXResourcesBuildPhase;
			buildActionMask = 2147483647;
			files = (
			);
			runOnlyForDeploymentPostprocessing = 0;
		};
/* End PBXResourcesBuildPhase section */

/* Begin PBXShellScriptBuildPhase section */
		E7F6116024E2365E00CFABC8 /* SwiftLint */ = {
			isa = PBXShellScriptBuildPhase;
			buildActionMask = 2147483647;
			files = (
			);
			inputFileListPaths = (
			);
			inputPaths = (
			);
			name = SwiftLint;
			outputFileListPaths = (
			);
			outputPaths = (
			);
			runOnlyForDeploymentPostprocessing = 0;
			shellPath = /bin/sh;
			shellScript = "if which swiftlint >/dev/null; then\n  swiftlint\nelse\n  echo \"warning: SwiftLint not installed, download from https://github.com/realm/SwiftLint\"\nfi\n";
		};
/* End PBXShellScriptBuildPhase section */

/* Begin PBXSourcesBuildPhase section */
		E7947FBD24DF7CD5006B7859 /* Sources */ = {
			isa = PBXSourcesBuildPhase;
			buildActionMask = 2147483647;
			files = (
				E7FA78B824E98F4D0095DBDD /* Activity.swift in Sources */,
				E77AF01324EB2B7500E621C6 /* TimeInterval+.swift in Sources */,
				E7B8CFAA24F6E5930026C983 /* UserConfig.swift in Sources */,
				E709A85F25085A7600C518EE /* ActivityViewController.swift in Sources */,
				E780FC4824E9945000F9C2B6 /* NSManagedObject+.swift in Sources */,
				E7947FC524DF7CD5006B7859 /* AppDelegate.swift in Sources */,
				E7947FC724DF7CD5006B7859 /* SceneDelegate.swift in Sources */,
				E77AF01524EB612A00E621C6 /* CategoryDetailView.swift in Sources */,
				E737A9F324FF1F570094746D /* ExportManager.swift in Sources */,
				E780FC4E24E9A5BE00F9C2B6 /* CategorySelection.swift in Sources */,
				E7947FCC24DF7CD5006B7859 /* DayView.swift in Sources */,
				E7F6115E24E2329100CFABC8 /* AddNewCategoryRow.swift in Sources */,
				E7F6115A24E22A2600CFABC8 /* AddButton.swift in Sources */,
				E786CA4524E4967D00B27D8E /* TodayStatus.swift in Sources */,
				E7FA78BA24E98F590095DBDD /* Category.swift in Sources */,
				E7F6115C24E22F4200CFABC8 /* DurationPill.swift in Sources */,
				E79F6A3D24EC752E004F44B5 /* Busyless.xcdatamodeld in Sources */,
				E780FC4B24E99F3D00F9C2B6 /* TextView.swift in Sources */,
				E786CA4324E488FF00B27D8E /* MainView.swift in Sources */,
				E736236A24E328BA00C6FFD3 /* CategoryRow.swift in Sources */,
				E780FC5524E9B37500F9C2B6 /* LogView.swift in Sources */,
				E7947FF824DF8072006B7859 /* AddNewActivityView.swift in Sources */,
				E7FD702E24E4C4F9001E2A95 /* SettingsView.swift in Sources */,
			);
			runOnlyForDeploymentPostprocessing = 0;
		};
		E7947FD624DF7CD6006B7859 /* Sources */ = {
			isa = PBXSourcesBuildPhase;
			buildActionMask = 2147483647;
			files = (
				E7947FDF24DF7CD6006B7859 /* BusylessTests.swift in Sources */,
				E780FC5324E9A7E000F9C2B6 /* CategoryTests.swift in Sources */,
			);
			runOnlyForDeploymentPostprocessing = 0;
		};
		E7947FE124DF7CD6006B7859 /* Sources */ = {
			isa = PBXSourcesBuildPhase;
			buildActionMask = 2147483647;
			files = (
				E7947FEA24DF7CD6006B7859 /* BusylessUITests.swift in Sources */,
			);
			runOnlyForDeploymentPostprocessing = 0;
		};
/* End PBXSourcesBuildPhase section */

/* Begin PBXTargetDependency section */
		E7947FDC24DF7CD6006B7859 /* PBXTargetDependency */ = {
			isa = PBXTargetDependency;
			target = E7947FC024DF7CD5006B7859 /* Busyless */;
			targetProxy = E7947FDB24DF7CD6006B7859 /* PBXContainerItemProxy */;
		};
		E7947FE724DF7CD6006B7859 /* PBXTargetDependency */ = {
			isa = PBXTargetDependency;
			target = E7947FC024DF7CD5006B7859 /* Busyless */;
			targetProxy = E7947FE624DF7CD6006B7859 /* PBXContainerItemProxy */;
		};
/* End PBXTargetDependency section */

/* Begin PBXVariantGroup section */
		E7947FD224DF7CD6006B7859 /* LaunchScreen.storyboard */ = {
			isa = PBXVariantGroup;
			children = (
				E7947FD324DF7CD6006B7859 /* Base */,
			);
			name = LaunchScreen.storyboard;
			sourceTree = "<group>";
		};
/* End PBXVariantGroup section */

/* Begin XCBuildConfiguration section */
		E7947FEC24DF7CD6006B7859 /* Debug */ = {
			isa = XCBuildConfiguration;
			buildSettings = {
				ALWAYS_SEARCH_USER_PATHS = NO;
				CLANG_ANALYZER_NONNULL = YES;
				CLANG_ANALYZER_NUMBER_OBJECT_CONVERSION = YES_AGGRESSIVE;
				CLANG_CXX_LANGUAGE_STANDARD = "gnu++14";
				CLANG_CXX_LIBRARY = "libc++";
				CLANG_ENABLE_MODULES = YES;
				CLANG_ENABLE_OBJC_ARC = YES;
				CLANG_ENABLE_OBJC_WEAK = YES;
				CLANG_WARN_BLOCK_CAPTURE_AUTORELEASING = YES;
				CLANG_WARN_BOOL_CONVERSION = YES;
				CLANG_WARN_COMMA = YES;
				CLANG_WARN_CONSTANT_CONVERSION = YES;
				CLANG_WARN_DEPRECATED_OBJC_IMPLEMENTATIONS = YES;
				CLANG_WARN_DIRECT_OBJC_ISA_USAGE = YES_ERROR;
				CLANG_WARN_DOCUMENTATION_COMMENTS = YES;
				CLANG_WARN_EMPTY_BODY = YES;
				CLANG_WARN_ENUM_CONVERSION = YES;
				CLANG_WARN_INFINITE_RECURSION = YES;
				CLANG_WARN_INT_CONVERSION = YES;
				CLANG_WARN_NON_LITERAL_NULL_CONVERSION = YES;
				CLANG_WARN_OBJC_IMPLICIT_RETAIN_SELF = YES;
				CLANG_WARN_OBJC_LITERAL_CONVERSION = YES;
				CLANG_WARN_OBJC_ROOT_CLASS = YES_ERROR;
				CLANG_WARN_RANGE_LOOP_ANALYSIS = YES;
				CLANG_WARN_STRICT_PROTOTYPES = YES;
				CLANG_WARN_SUSPICIOUS_MOVE = YES;
				CLANG_WARN_UNGUARDED_AVAILABILITY = YES_AGGRESSIVE;
				CLANG_WARN_UNREACHABLE_CODE = YES;
				CLANG_WARN__DUPLICATE_METHOD_MATCH = YES;
				COPY_PHASE_STRIP = NO;
				DEBUG_INFORMATION_FORMAT = dwarf;
				ENABLE_STRICT_OBJC_MSGSEND = YES;
				ENABLE_TESTABILITY = YES;
				GCC_C_LANGUAGE_STANDARD = gnu11;
				GCC_DYNAMIC_NO_PIC = NO;
				GCC_NO_COMMON_BLOCKS = YES;
				GCC_OPTIMIZATION_LEVEL = 0;
				GCC_PREPROCESSOR_DEFINITIONS = (
					"DEBUG=1",
					"$(inherited)",
				);
				GCC_WARN_64_TO_32_BIT_CONVERSION = YES;
				GCC_WARN_ABOUT_RETURN_TYPE = YES_ERROR;
				GCC_WARN_UNDECLARED_SELECTOR = YES;
				GCC_WARN_UNINITIALIZED_AUTOS = YES_AGGRESSIVE;
				GCC_WARN_UNUSED_FUNCTION = YES;
				GCC_WARN_UNUSED_VARIABLE = YES;
				IPHONEOS_DEPLOYMENT_TARGET = 13.0;
				MTL_ENABLE_DEBUG_INFO = INCLUDE_SOURCE;
				MTL_FAST_MATH = YES;
				ONLY_ACTIVE_ARCH = YES;
				SDKROOT = iphoneos;
				SWIFT_ACTIVE_COMPILATION_CONDITIONS = DEBUG;
				SWIFT_OPTIMIZATION_LEVEL = "-Onone";
			};
			name = Debug;
		};
		E7947FED24DF7CD6006B7859 /* Release */ = {
			isa = XCBuildConfiguration;
			buildSettings = {
				ALWAYS_SEARCH_USER_PATHS = NO;
				CLANG_ANALYZER_NONNULL = YES;
				CLANG_ANALYZER_NUMBER_OBJECT_CONVERSION = YES_AGGRESSIVE;
				CLANG_CXX_LANGUAGE_STANDARD = "gnu++14";
				CLANG_CXX_LIBRARY = "libc++";
				CLANG_ENABLE_MODULES = YES;
				CLANG_ENABLE_OBJC_ARC = YES;
				CLANG_ENABLE_OBJC_WEAK = YES;
				CLANG_WARN_BLOCK_CAPTURE_AUTORELEASING = YES;
				CLANG_WARN_BOOL_CONVERSION = YES;
				CLANG_WARN_COMMA = YES;
				CLANG_WARN_CONSTANT_CONVERSION = YES;
				CLANG_WARN_DEPRECATED_OBJC_IMPLEMENTATIONS = YES;
				CLANG_WARN_DIRECT_OBJC_ISA_USAGE = YES_ERROR;
				CLANG_WARN_DOCUMENTATION_COMMENTS = YES;
				CLANG_WARN_EMPTY_BODY = YES;
				CLANG_WARN_ENUM_CONVERSION = YES;
				CLANG_WARN_INFINITE_RECURSION = YES;
				CLANG_WARN_INT_CONVERSION = YES;
				CLANG_WARN_NON_LITERAL_NULL_CONVERSION = YES;
				CLANG_WARN_OBJC_IMPLICIT_RETAIN_SELF = YES;
				CLANG_WARN_OBJC_LITERAL_CONVERSION = YES;
				CLANG_WARN_OBJC_ROOT_CLASS = YES_ERROR;
				CLANG_WARN_RANGE_LOOP_ANALYSIS = YES;
				CLANG_WARN_STRICT_PROTOTYPES = YES;
				CLANG_WARN_SUSPICIOUS_MOVE = YES;
				CLANG_WARN_UNGUARDED_AVAILABILITY = YES_AGGRESSIVE;
				CLANG_WARN_UNREACHABLE_CODE = YES;
				CLANG_WARN__DUPLICATE_METHOD_MATCH = YES;
				COPY_PHASE_STRIP = NO;
				DEBUG_INFORMATION_FORMAT = "dwarf-with-dsym";
				ENABLE_NS_ASSERTIONS = NO;
				ENABLE_STRICT_OBJC_MSGSEND = YES;
				GCC_C_LANGUAGE_STANDARD = gnu11;
				GCC_NO_COMMON_BLOCKS = YES;
				GCC_WARN_64_TO_32_BIT_CONVERSION = YES;
				GCC_WARN_ABOUT_RETURN_TYPE = YES_ERROR;
				GCC_WARN_UNDECLARED_SELECTOR = YES;
				GCC_WARN_UNINITIALIZED_AUTOS = YES_AGGRESSIVE;
				GCC_WARN_UNUSED_FUNCTION = YES;
				GCC_WARN_UNUSED_VARIABLE = YES;
				IPHONEOS_DEPLOYMENT_TARGET = 13.0;
				MTL_ENABLE_DEBUG_INFO = NO;
				MTL_FAST_MATH = YES;
				SDKROOT = iphoneos;
				SWIFT_COMPILATION_MODE = wholemodule;
				SWIFT_OPTIMIZATION_LEVEL = "-O";
				VALIDATE_PRODUCT = YES;
			};
			name = Release;
		};
		E7947FEF24DF7CD6006B7859 /* Debug */ = {
			isa = XCBuildConfiguration;
			buildSettings = {
				ASSETCATALOG_COMPILER_APPICON_NAME = AppIcon;
				CODE_SIGN_ENTITLEMENTS = Busyless/SupportingFiles/Busyless.entitlements;
				CODE_SIGN_STYLE = Automatic;
				CURRENT_PROJECT_VERSION = 44;
				DEVELOPMENT_ASSET_PATHS = "\"Busyless/Preview Content\"";
				DEVELOPMENT_TEAM = DJPFLH48H5;
				ENABLE_PREVIEWS = YES;
				INFOPLIST_FILE = Busyless/SupportingFiles/Info.plist;
				LD_RUNPATH_SEARCH_PATHS = (
					"$(inherited)",
					"@executable_path/Frameworks",
				);
				MARKETING_VERSION = 0.0.1;
				PRODUCT_BUNDLE_IDENTIFIER = com.derrickshowers.busyless;
				PRODUCT_NAME = "$(TARGET_NAME)";
				SWIFT_VERSION = 5.0;
				TARGETED_DEVICE_FAMILY = "1,2";
			};
			name = Debug;
		};
		E7947FF024DF7CD6006B7859 /* Release */ = {
			isa = XCBuildConfiguration;
			buildSettings = {
				ASSETCATALOG_COMPILER_APPICON_NAME = AppIcon;
				CODE_SIGN_ENTITLEMENTS = Busyless/SupportingFiles/Busyless.entitlements;
				CODE_SIGN_IDENTITY = "iPhone Distribution";
				CODE_SIGN_STYLE = Manual;
				CURRENT_PROJECT_VERSION = 44;
				DEVELOPMENT_ASSET_PATHS = "\"Busyless/Preview Content\"";
				DEVELOPMENT_TEAM = DJPFLH48H5;
				ENABLE_PREVIEWS = YES;
				INFOPLIST_FILE = Busyless/SupportingFiles/Info.plist;
				LD_RUNPATH_SEARCH_PATHS = (
					"$(inherited)",
					"@executable_path/Frameworks",
				);
				MARKETING_VERSION = 0.0.1;
				PRODUCT_BUNDLE_IDENTIFIER = com.derrickshowers.busyless;
				PRODUCT_NAME = "$(TARGET_NAME)";
				PROVISIONING_PROFILE_SPECIFIER = "Busyless-AppStore";
				SWIFT_VERSION = 5.0;
				TARGETED_DEVICE_FAMILY = "1,2";
			};
			name = Release;
		};
		E7947FF224DF7CD6006B7859 /* Debug */ = {
			isa = XCBuildConfiguration;
			buildSettings = {
				ALWAYS_EMBED_SWIFT_STANDARD_LIBRARIES = YES;
				BUNDLE_LOADER = "$(TEST_HOST)";
				CODE_SIGN_STYLE = Automatic;
				INFOPLIST_FILE = BusylessTests/Info.plist;
				IPHONEOS_DEPLOYMENT_TARGET = 13.5;
				LD_RUNPATH_SEARCH_PATHS = (
					"$(inherited)",
					"@executable_path/Frameworks",
					"@loader_path/Frameworks",
				);
				PRODUCT_BUNDLE_IDENTIFIER = com.derrickshowers.BusylessTests;
				PRODUCT_NAME = "$(TARGET_NAME)";
				SWIFT_VERSION = 5.0;
				TARGETED_DEVICE_FAMILY = "1,2";
				TEST_HOST = "$(BUILT_PRODUCTS_DIR)/Busyless.app/Busyless";
			};
			name = Debug;
		};
		E7947FF324DF7CD6006B7859 /* Release */ = {
			isa = XCBuildConfiguration;
			buildSettings = {
				ALWAYS_EMBED_SWIFT_STANDARD_LIBRARIES = YES;
				BUNDLE_LOADER = "$(TEST_HOST)";
				CODE_SIGN_STYLE = Automatic;
				INFOPLIST_FILE = BusylessTests/Info.plist;
				IPHONEOS_DEPLOYMENT_TARGET = 13.5;
				LD_RUNPATH_SEARCH_PATHS = (
					"$(inherited)",
					"@executable_path/Frameworks",
					"@loader_path/Frameworks",
				);
				PRODUCT_BUNDLE_IDENTIFIER = com.derrickshowers.BusylessTests;
				PRODUCT_NAME = "$(TARGET_NAME)";
				SWIFT_VERSION = 5.0;
				TARGETED_DEVICE_FAMILY = "1,2";
				TEST_HOST = "$(BUILT_PRODUCTS_DIR)/Busyless.app/Busyless";
			};
			name = Release;
		};
		E7947FF524DF7CD6006B7859 /* Debug */ = {
			isa = XCBuildConfiguration;
			buildSettings = {
				ALWAYS_EMBED_SWIFT_STANDARD_LIBRARIES = YES;
				CODE_SIGN_STYLE = Automatic;
				INFOPLIST_FILE = BusylessUITests/Info.plist;
				LD_RUNPATH_SEARCH_PATHS = (
					"$(inherited)",
					"@executable_path/Frameworks",
					"@loader_path/Frameworks",
				);
				PRODUCT_BUNDLE_IDENTIFIER = com.derrickshowers.BusylessUITests;
				PRODUCT_NAME = "$(TARGET_NAME)";
				SWIFT_VERSION = 5.0;
				TARGETED_DEVICE_FAMILY = "1,2";
				TEST_TARGET_NAME = Busyless;
			};
			name = Debug;
		};
		E7947FF624DF7CD6006B7859 /* Release */ = {
			isa = XCBuildConfiguration;
			buildSettings = {
				ALWAYS_EMBED_SWIFT_STANDARD_LIBRARIES = YES;
				CODE_SIGN_STYLE = Automatic;
				INFOPLIST_FILE = BusylessUITests/Info.plist;
				LD_RUNPATH_SEARCH_PATHS = (
					"$(inherited)",
					"@executable_path/Frameworks",
					"@loader_path/Frameworks",
				);
				PRODUCT_BUNDLE_IDENTIFIER = com.derrickshowers.BusylessUITests;
				PRODUCT_NAME = "$(TARGET_NAME)";
				SWIFT_VERSION = 5.0;
				TARGETED_DEVICE_FAMILY = "1,2";
				TEST_TARGET_NAME = Busyless;
			};
			name = Release;
		};
/* End XCBuildConfiguration section */

/* Begin XCConfigurationList section */
		E7947FBC24DF7CD5006B7859 /* Build configuration list for PBXProject "Busyless" */ = {
			isa = XCConfigurationList;
			buildConfigurations = (
				E7947FEC24DF7CD6006B7859 /* Debug */,
				E7947FED24DF7CD6006B7859 /* Release */,
			);
			defaultConfigurationIsVisible = 0;
			defaultConfigurationName = Release;
		};
		E7947FEE24DF7CD6006B7859 /* Build configuration list for PBXNativeTarget "Busyless" */ = {
			isa = XCConfigurationList;
			buildConfigurations = (
				E7947FEF24DF7CD6006B7859 /* Debug */,
				E7947FF024DF7CD6006B7859 /* Release */,
			);
			defaultConfigurationIsVisible = 0;
			defaultConfigurationName = Release;
		};
		E7947FF124DF7CD6006B7859 /* Build configuration list for PBXNativeTarget "BusylessTests" */ = {
			isa = XCConfigurationList;
			buildConfigurations = (
				E7947FF224DF7CD6006B7859 /* Debug */,
				E7947FF324DF7CD6006B7859 /* Release */,
			);
			defaultConfigurationIsVisible = 0;
			defaultConfigurationName = Release;
		};
		E7947FF424DF7CD6006B7859 /* Build configuration list for PBXNativeTarget "BusylessUITests" */ = {
			isa = XCConfigurationList;
			buildConfigurations = (
				E7947FF524DF7CD6006B7859 /* Debug */,
				E7947FF624DF7CD6006B7859 /* Release */,
			);
			defaultConfigurationIsVisible = 0;
			defaultConfigurationName = Release;
		};
/* End XCConfigurationList section */

/* Begin XCVersionGroup section */
		E79F6A3B24EC752E004F44B5 /* Busyless.xcdatamodeld */ = {
			isa = XCVersionGroup;
			children = (
				E79F6A3C24EC752E004F44B5 /* Busyless.xcdatamodel */,
			);
			currentVersion = E79F6A3C24EC752E004F44B5 /* Busyless.xcdatamodel */;
			path = Busyless.xcdatamodeld;
			sourceTree = "<group>";
			versionGroupType = wrapper.xcdatamodel;
		};
/* End XCVersionGroup section */
	};
	rootObject = E7947FB924DF7CD5006B7859 /* Project object */;
}
